<?xml version="1.0" encoding="utf-8"?>
<Project ToolsVersion="4.0" xmlns="http://schemas.microsoft.com/developer/msbuild/2003">
  <ItemGroup>
    <Filter Include="include">
      <UniqueIdentifier>{17ed758e-89ba-4a00-a864-f7dee0f73a75}</UniqueIdentifier>
    </Filter>
    <Filter Include="src">
      <UniqueIdentifier>{f4730e23-7bd7-4ca4-a43a-e3020886a7f2}</UniqueIdentifier>
    </Filter>
    <Filter Include="src\glar">
      <UniqueIdentifier>{00f5d64c-f32c-495e-9a74-69dede3fed27}</UniqueIdentifier>
    </Filter>
    <Filter Include="include\glar">
      <UniqueIdentifier>{e0501fe1-8e45-4ab9-ab12-51b92a406b86}</UniqueIdentifier>
    </Filter>
    <Filter Include="src\glar\shader">
      <UniqueIdentifier>{b2a6894b-54dd-4f25-b49a-8b925d29e563}</UniqueIdentifier>
    </Filter>
  </ItemGroup>
  <ItemGroup>
    <ClCompile Include="..\..\src\main.cpp">
      <Filter>src</Filter>
    </ClCompile>
    <ClCompile Include="..\..\src\glar\application.cpp">
      <Filter>src\glar</Filter>
    </ClCompile>
  </ItemGroup>
  <ItemGroup>
    <ClInclude Include="..\..\include\glar\application.h">
      <Filter>include\glar</Filter>
    </ClInclude>
  </ItemGroup>
  <ItemGroup>
    <None Include="..\..\src\glar\shader\camera.frag">
      <Filter>src\glar\shader</Filter>
    </None>
    <None Include="..\..\src\glar\shader\camera.vert">
      <Filter>src\glar\shader</Filter>
    </None>
  </ItemGroup>
</Project>